// !$*UTF8*$!
{
	archiveVersion = 1;
	classes = {
	};
	objectVersion = 55;
	objects = {

/* Begin PBXBuildFile section */
		A26EAEBA292D5CB0001D76D3 /* AppDelegate.swift in Sources */ = {isa = PBXBuildFile; fileRef = A26EAEB9292D5CB0001D76D3 /* AppDelegate.swift */; };
		A26EAEC3292D5CB1001D76D3 /* Assets.xcassets in Resources */ = {isa = PBXBuildFile; fileRef = A26EAEC2292D5CB1001D76D3 /* Assets.xcassets */; };
		A26EAEC6292D5CB1001D76D3 /* LaunchScreen.storyboard in Resources */ = {isa = PBXBuildFile; fileRef = A26EAEC4292D5CB1001D76D3 /* LaunchScreen.storyboard */; };
		A26EAECF292D5ED0001D76D3 /* OffersViewController.swift in Sources */ = {isa = PBXBuildFile; fileRef = A26EAECD292D5ED0001D76D3 /* OffersViewController.swift */; };
		A26EAED0292D5ED0001D76D3 /* OffersViewController.xib in Resources */ = {isa = PBXBuildFile; fileRef = A26EAECE292D5ED0001D76D3 /* OffersViewController.xib */; };
		A26EAED2292D5F17001D76D3 /* CutomTabbarController.swift in Sources */ = {isa = PBXBuildFile; fileRef = A26EAED1292D5F17001D76D3 /* CutomTabbarController.swift */; };
		A26EAED5292D67A0001D76D3 /* OfferTableViewCell.swift in Sources */ = {isa = PBXBuildFile; fileRef = A26EAED3292D67A0001D76D3 /* OfferTableViewCell.swift */; };
		A26EAED6292D67A0001D76D3 /* OfferTableViewCell.xib in Resources */ = {isa = PBXBuildFile; fileRef = A26EAED4292D67A0001D76D3 /* OfferTableViewCell.xib */; };
/* End PBXBuildFile section */

/* Begin PBXFileReference section */
		A26EAEB6292D5CB0001D76D3 /* offers_dojo.app */ = {isa = PBXFileReference; explicitFileType = wrapper.application; includeInIndex = 0; path = offers_dojo.app; sourceTree = BUILT_PRODUCTS_DIR; };
		A26EAEB9292D5CB0001D76D3 /* AppDelegate.swift */ = {isa = PBXFileReference; lastKnownFileType = sourcecode.swift; path = AppDelegate.swift; sourceTree = "<group>"; };
		A26EAEC2292D5CB1001D76D3 /* Assets.xcassets */ = {isa = PBXFileReference; lastKnownFileType = folder.assetcatalog; path = Assets.xcassets; sourceTree = "<group>"; };
		A26EAEC5292D5CB1001D76D3 /* Base */ = {isa = PBXFileReference; lastKnownFileType = file.storyboard; name = Base; path = Base.lproj/LaunchScreen.storyboard; sourceTree = "<group>"; };
		A26EAEC7292D5CB1001D76D3 /* Info.plist */ = {isa = PBXFileReference; lastKnownFileType = text.plist.xml; path = Info.plist; sourceTree = "<group>"; };
		A26EAECD292D5ED0001D76D3 /* OffersViewController.swift */ = {isa = PBXFileReference; lastKnownFileType = sourcecode.swift; path = OffersViewController.swift; sourceTree = "<group>"; };
		A26EAECE292D5ED0001D76D3 /* OffersViewController.xib */ = {isa = PBXFileReference; lastKnownFileType = file.xib; path = OffersViewController.xib; sourceTree = "<group>"; };
		A26EAED1292D5F17001D76D3 /* CutomTabbarController.swift */ = {isa = PBXFileReference; lastKnownFileType = sourcecode.swift; path = CutomTabbarController.swift; sourceTree = "<group>"; };
		A26EAED3292D67A0001D76D3 /* OfferTableViewCell.swift */ = {isa = PBXFileReference; lastKnownFileType = sourcecode.swift; path = OfferTableViewCell.swift; sourceTree = "<group>"; };
		A26EAED4292D67A0001D76D3 /* OfferTableViewCell.xib */ = {isa = PBXFileReference; lastKnownFileType = file.xib; path = OfferTableViewCell.xib; sourceTree = "<group>"; };
/* End PBXFileReference section */

/* Begin PBXFrameworksBuildPhase section */
		A26EAEB3292D5CB0001D76D3 /* Frameworks */ = {
			isa = PBXFrameworksBuildPhase;
			buildActionMask = 2147483647;
			files = (
			);
			runOnlyForDeploymentPostprocessing = 0;
		};
/* End PBXFrameworksBuildPhase section */

/* Begin PBXGroup section */
		A26EAEAD292D5CB0001D76D3 = {
			isa = PBXGroup;
			children = (
				A26EAEB8292D5CB0001D76D3 /* offers_dojo */,
				A26EAEB7292D5CB0001D76D3 /* Products */,
			);
			sourceTree = "<group>";
		};
		A26EAEB7292D5CB0001D76D3 /* Products */ = {
			isa = PBXGroup;
			children = (
				A26EAEB6292D5CB0001D76D3 /* offers_dojo.app */,
			);
			name = Products;
			sourceTree = "<group>";
		};
		A26EAEB8292D5CB0001D76D3 /* offers_dojo */ = {
			isa = PBXGroup;
			children = (
				A26EAEB9292D5CB0001D76D3 /* AppDelegate.swift */,
				A26EAED1292D5F17001D76D3 /* CutomTabbarController.swift */,
				A26EAECD292D5ED0001D76D3 /* OffersViewController.swift */,
				A26EAED3292D67A0001D76D3 /* OfferTableViewCell.swift */,
				A26EAED4292D67A0001D76D3 /* OfferTableViewCell.xib */,
				A26EAECE292D5ED0001D76D3 /* OffersViewController.xib */,
				A26EAEC2292D5CB1001D76D3 /* Assets.xcassets */,
				A26EAEC4292D5CB1001D76D3 /* LaunchScreen.storyboard */,
				A26EAEC7292D5CB1001D76D3 /* Info.plist */,
			);
			path = offers_dojo;
			sourceTree = "<group>";
		};
/* End PBXGroup section */

/* Begin PBXNativeTarget section */
		A26EAEB5292D5CB0001D76D3 /* offers_dojo */ = {
			isa = PBXNativeTarget;
			buildConfigurationList = A26EAECA292D5CB1001D76D3 /* Build configuration list for PBXNativeTarget "offers_dojo" */;
			buildPhases = (
				A26EAEB2292D5CB0001D76D3 /* Sources */,
				A26EAEB3292D5CB0001D76D3 /* Frameworks */,
				A26EAEB4292D5CB0001D76D3 /* Resources */,
			);
			buildRules = (
			);
			dependencies = (
			);
			name = offers_dojo;
			productName = offers_dojo;
			productReference = A26EAEB6292D5CB0001D76D3 /* offers_dojo.app */;
			productType = "com.apple.product-type.application";
		};
/* End PBXNativeTarget section */

/* Begin PBXProject section */
		A26EAEAE292D5CB0001D76D3 /* Project object */ = {
			isa = PBXProject;
			attributes = {
				BuildIndependentTargetsInParallel = 1;
				LastSwiftUpdateCheck = 1340;
				LastUpgradeCheck = 1340;
				TargetAttributes = {
					A26EAEB5292D5CB0001D76D3 = {
						CreatedOnToolsVersion = 13.4.1;
					};
				};
			};
			buildConfigurationList = A26EAEB1292D5CB0001D76D3 /* Build configuration list for PBXProject "offers_dojo" */;
			compatibilityVersion = "Xcode 13.0";
			developmentRegion = en;
			hasScannedForEncodings = 0;
			knownRegions = (
				en,
				Base,
			);
			mainGroup = A26EAEAD292D5CB0001D76D3;
			productRefGroup = A26EAEB7292D5CB0001D76D3 /* Products */;
			projectDirPath = "";
			projectRoot = "";
			targets = (
				A26EAEB5292D5CB0001D76D3 /* offers_dojo */,
			);
		};
/* End PBXProject section */

/* Begin PBXResourcesBuildPhase section */
		A26EAEB4292D5CB0001D76D3 /* Resources */ = {
			isa = PBXResourcesBuildPhase;
			buildActionMask = 2147483647;
			files = (
				A26EAED6292D67A0001D76D3 /* OfferTableViewCell.xib in Resources */,
				A26EAEC6292D5CB1001D76D3 /* LaunchScreen.storyboard in Resources */,
				A26EAEC3292D5CB1001D76D3 /* Assets.xcassets in Resources */,
				A26EAED0292D5ED0001D76D3 /* OffersViewController.xib in Resources */,
			);
			runOnlyForDeploymentPostprocessing = 0;
		};
/* End PBXResourcesBuildPhase section */

/* Begin PBXSourcesBuildPhase section */
		A26EAEB2292D5CB0001D76D3 /* Sources */ = {
			isa = PBXSourcesBuildPhase;
			buildActionMask = 2147483647;
			files = (
				A26EAED5292D67A0001D76D3 /* OfferTableViewCell.swift in Sources */,
				A26EAED2292D5F17001D76D3 /* CutomTabbarController.swift in Sources */,
				A26EAEBA292D5CB0001D76D3 /* AppDelegate.swift in Sources */,
				A26EAECF292D5ED0001D76D3 /* OffersViewController.swift in Sources */,
			);
			runOnlyForDeploymentPostprocessing = 0;
		};
/* End PBXSourcesBuildPhase section */

/* Begin PBXVariantGroup section */
		A26EAEC4292D5CB1001D76D3 /* LaunchScreen.storyboard */ = {
			isa = PBXVariantGroup;
			children = (
				A26EAEC5292D5CB1001D76D3 /* Base */,
			);
			name = LaunchScreen.storyboard;
			sourceTree = "<group>";
		};
/* End PBXVariantGroup section */

/* Begin XCBuildConfiguration section */
		A26EAEC8292D5CB1001D76D3 /* Debug */ = {
			isa = XCBuildConfiguration;
			buildSettings = {
				ALWAYS_SEARCH_USER_PATHS = NO;
				CLANG_ANALYZER_NONNULL = YES;
				CLANG_ANALYZER_NUMBER_OBJECT_CONVERSION = YES_AGGRESSIVE;
				CLANG_CXX_LANGUAGE_STANDARD = "gnu++17";
				CLANG_ENABLE_MODULES = YES;
				CLANG_ENABLE_OBJC_ARC = YES;
				CLANG_ENABLE_OBJC_WEAK = YES;
				CLANG_WARN_BLOCK_CAPTURE_AUTORELEASING = YES;
				CLANG_WARN_BOOL_CONVERSION = YES;
				CLANG_WARN_COMMA = YES;
				CLANG_WARN_CONSTANT_CONVERSION = YES;
				CLANG_WARN_DEPRECATED_OBJC_IMPLEMENTATIONS = YES;
				CLANG_WARN_DIRECT_OBJC_ISA_USAGE = YES_ERROR;
				CLANG_WARN_DOCUMENTATION_COMMENTS = YES;
				CLANG_WARN_EMPTY_BODY = YES;
				CLANG_WARN_ENUM_CONVERSION = YES;
				CLANG_WARN_INFINITE_RECURSION = YES;
				CLANG_WARN_INT_CONVERSION = YES;
				CLANG_WARN_NON_LITERAL_NULL_CONVERSION = YES;
				CLANG_WARN_OBJC_IMPLICIT_RETAIN_SELF = YES;
				CLANG_WARN_OBJC_LITERAL_CONVERSION = YES;
				CLANG_WARN_OBJC_ROOT_CLASS = YES_ERROR;
				CLANG_WARN_QUOTED_INCLUDE_IN_FRAMEWORK_HEADER = YES;
				CLANG_WARN_RANGE_LOOP_ANALYSIS = YES;
				CLANG_WARN_STRICT_PROTOTYPES = YES;
				CLANG_WARN_SUSPICIOUS_MOVE = YES;
				CLANG_WARN_UNGUARDED_AVAILABILITY = YES_AGGRESSIVE;
				CLANG_WARN_UNREACHABLE_CODE = YES;
				CLANG_WARN__DUPLICATE_METHOD_MATCH = YES;
				COPY_PHASE_STRIP = NO;
				DEBUG_INFORMATION_FORMAT = dwarf;
				ENABLE_STRICT_OBJC_MSGSEND = YES;
				ENABLE_TESTABILITY = YES;
				GCC_C_LANGUAGE_STANDARD = gnu11;
				GCC_DYNAMIC_NO_PIC = NO;
				GCC_NO_COMMON_BLOCKS = YES;
				GCC_OPTIMIZATION_LEVEL = 0;
				GCC_PREPROCESSOR_DEFINITIONS = (
					"DEBUG=1",
					"$(inherited)",
				);
				GCC_WARN_64_TO_32_BIT_CONVERSION = YES;
				GCC_WARN_ABOUT_RETURN_TYPE = YES_ERROR;
				GCC_WARN_UNDECLARED_SELECTOR = YES;
				GCC_WARN_UNINITIALIZED_AUTOS = YES_AGGRESSIVE;
				GCC_WARN_UNUSED_FUNCTION = YES;
				GCC_WARN_UNUSED_VARIABLE = YES;
				IPHONEOS_DEPLOYMENT_TARGET = 15.5;
				MTL_ENABLE_DEBUG_INFO = INCLUDE_SOURCE;
				MTL_FAST_MATH = YES;
				ONLY_ACTIVE_ARCH = YES;
				SDKROOT = iphoneos;
				SWIFT_ACTIVE_COMPILATION_CONDITIONS = DEBUG;
				SWIFT_OPTIMIZATION_LEVEL = "-Onone";
			};
			name = Debug;
		};
		A26EAEC9292D5CB1001D76D3 /* Release */ = {
			isa = XCBuildConfiguration;
			buildSettings = {
				ALWAYS_SEARCH_USER_PATHS = NO;
				CLANG_ANALYZER_NONNULL = YES;
				CLANG_ANALYZER_NUMBER_OBJECT_CONVERSION = YES_AGGRESSIVE;
				CLANG_CXX_LANGUAGE_STANDARD = "gnu++17";
				CLANG_ENABLE_MODULES = YES;
				CLANG_ENABLE_OBJC_ARC = YES;
				CLANG_ENABLE_OBJC_WEAK = YES;
				CLANG_WARN_BLOCK_CAPTURE_AUTORELEASING = YES;
				CLANG_WARN_BOOL_CONVERSION = YES;
				CLANG_WARN_COMMA = YES;
				CLANG_WARN_CONSTANT_CONVERSION = YES;
				CLANG_WARN_DEPRECATED_OBJC_IMPLEMENTATIONS = YES;
				CLANG_WARN_DIRECT_OBJC_ISA_USAGE = YES_ERROR;
				CLANG_WARN_DOCUMENTATION_COMMENTS = YES;
				CLANG_WARN_EMPTY_BODY = YES;
				CLANG_WARN_ENUM_CONVERSION = YES;
				CLANG_WARN_INFINITE_RECURSION = YES;
				CLANG_WARN_INT_CONVERSION = YES;
				CLANG_WARN_NON_LITERAL_NULL_CONVERSION = YES;
				CLANG_WARN_OBJC_IMPLICIT_RETAIN_SELF = YES;
				CLANG_WARN_OBJC_LITERAL_CONVERSION = YES;
				CLANG_WARN_OBJC_ROOT_CLASS = YES_ERROR;
				CLANG_WARN_QUOTED_INCLUDE_IN_FRAMEWORK_HEADER = YES;
				CLANG_WARN_RANGE_LOOP_ANALYSIS = YES;
				CLANG_WARN_STRICT_PROTOTYPES = YES;
				CLANG_WARN_SUSPICIOUS_MOVE = YES;
				CLANG_WARN_UNGUARDED_AVAILABILITY = YES_AGGRESSIVE;
				CLANG_WARN_UNREACHABLE_CODE = YES;
				CLANG_WARN__DUPLICATE_METHOD_MATCH = YES;
				COPY_PHASE_STRIP = NO;
				DEBUG_INFORMATION_FORMAT = "dwarf-with-dsym";
				ENABLE_NS_ASSERTIONS = NO;
				ENABLE_STRICT_OBJC_MSGSEND = YES;
				GCC_C_LANGUAGE_STANDARD = gnu11;
				GCC_NO_COMMON_BLOCKS = YES;
				GCC_WARN_64_TO_32_BIT_CONVERSION = YES;
				GCC_WARN_ABOUT_RETURN_TYPE = YES_ERROR;
				GCC_WARN_UNDECLARED_SELECTOR = YES;
				GCC_WARN_UNINITIALIZED_AUTOS = YES_AGGRESSIVE;
				GCC_WARN_UNUSED_FUNCTION = YES;
				GCC_WARN_UNUSED_VARIABLE = YES;
				IPHONEOS_DEPLOYMENT_TARGET = 15.5;
				MTL_ENABLE_DEBUG_INFO = NO;
				MTL_FAST_MATH = YES;
				SDKROOT = iphoneos;
				SWIFT_COMPILATION_MODE = wholemodule;
				SWIFT_OPTIMIZATION_LEVEL = "-O";
				VALIDATE_PRODUCT = YES;
			};
			name = Release;
		};
		A26EAECB292D5CB1001D76D3 /* Debug */ = {
			isa = XCBuildConfiguration;
			buildSettings = {
				ASSETCATALOG_COMPILER_APPICON_NAME = AppIcon;
				ASSETCATALOG_COMPILER_GLOBAL_ACCENT_COLOR_NAME = AccentColor;
				CODE_SIGN_STYLE = Automatic;
				CURRENT_PROJECT_VERSION = 1;
				DEVELOPMENT_TEAM = DTDWJQDFA8;
				GENERATE_INFOPLIST_FILE = YES;
				INFOPLIST_FILE = offers_dojo/Info.plist;
				INFOPLIST_KEY_UIApplicationSupportsIndirectInputEvents = YES;
				INFOPLIST_KEY_UILaunchStoryboardName = LaunchScreen;
				INFOPLIST_KEY_UISupportedInterfaceOrientations_iPad = "UIInterfaceOrientationPortrait UIInterfaceOrientationPortraitUpsideDown UIInterfaceOrientationLandscapeLeft UIInterfaceOrientationLandscapeRight";
				INFOPLIST_KEY_UISupportedInterfaceOrientations_iPhone = "UIInterfaceOrientationPortrait UIInterfaceOrientationLandscapeLeft UIInterfaceOrientationLandscapeRight";
				LD_RUNPATH_SEARCH_PATHS = (
					"$(inherited)",
					"@executable_path/Frameworks",
				);
				MARKETING_VERSION = 1.0;
				PRODUCT_BUNDLE_IDENTIFIER = "Meli.offers-dojo";
				PRODUCT_NAME = "$(TARGET_NAME)";
				SWIFT_EMIT_LOC_STRINGS = YES;
				SWIFT_VERSION = 5.0;
				TARGETED_DEVICE_FAMILY = "1,2";
			};
			name = Debug;
		};
		A26EAECC292D5CB1001D76D3 /* Release */ = {
			isa = XCBuildConfiguration;
			buildSettings = {
				ASSETCATALOG_COMPILER_APPICON_NAME = AppIcon;
				ASSETCATALOG_COMPILER_GLOBAL_ACCENT_COLOR_NAME = AccentColor;
				CODE_SIGN_STYLE = Automatic;
				CURRENT_PROJECT_VERSION = 1;
				DEVELOPMENT_TEAM = DTDWJQDFA8;
				GENERATE_INFOPLIST_FILE = YES;
				INFOPLIST_FILE = offers_dojo/Info.plist;
				INFOPLIST_KEY_UIApplicationSupportsIndirectInputEvents = YES;
				INFOPLIST_KEY_UILaunchStoryboardName = LaunchScreen;
				INFOPLIST_KEY_UISupportedInterfaceOrientations_iPad = "UIInterfaceOrientationPortrait UIInterfaceOrientationPortraitUpsideDown UIInterfaceOrientationLandscapeLeft UIInterfaceOrientationLandscapeRight";
				INFOPLIST_KEY_UISupportedInterfaceOrientations_iPhone = "UIInterfaceOrientationPortrait UIInterfaceOrientationLandscapeLeft UIInterfaceOrientationLandscapeRight";
				LD_RUNPATH_SEARCH_PATHS = (
					"$(inherited)",
					"@executable_path/Frameworks",
				);
				MARKETING_VERSION = 1.0;
				PRODUCT_BUNDLE_IDENTIFIER = "Meli.offers-dojo";
				PRODUCT_NAME = "$(TARGET_NAME)";
				SWIFT_EMIT_LOC_STRINGS = YES;
				SWIFT_VERSION = 5.0;
				TARGETED_DEVICE_FAMILY = "1,2";
			};
			name = Release;
		};
/* End XCBuildConfiguration section */

/* Begin XCConfigurationList section */
		A26EAEB1292D5CB0001D76D3 /* Build configuration list for PBXProject "offers_dojo" */ = {
			isa = XCConfigurationList;
			buildConfigurations = (
				A26EAEC8292D5CB1001D76D3 /* Debug */,
				A26EAEC9292D5CB1001D76D3 /* Release */,
			);
			defaultConfigurationIsVisible = 0;
			defaultConfigurationName = Release;
		};
		A26EAECA292D5CB1001D76D3 /* Build configuration list for PBXNativeTarget "offers_dojo" */ = {
			isa = XCConfigurationList;
			buildConfigurations = (
				A26EAECB292D5CB1001D76D3 /* Debug */,
				A26EAECC292D5CB1001D76D3 /* Release */,
			);
			defaultConfigurationIsVisible = 0;
			defaultConfigurationName = Release;
		};
/* End XCConfigurationList section */
	};
	rootObject = A26EAEAE292D5CB0001D76D3 /* Project object */;
}
